// !$*UTF8*$!
{
	archiveVersion = 1;
	classes = {
	};
	objectVersion = 56;
	objects = {

/* Begin PBXBuildFile section */
		6B06AE282C96FE0D00F5633A /* BookDetailedView.swift in Sources */ = {isa = PBXBuildFile; fileRef = 6B06AE272C96FE0D00F5633A /* BookDetailedView.swift */; };
		6B43CDB22C9B264B00F54F24 /* MyBooksView.swift in Sources */ = {isa = PBXBuildFile; fileRef = 6B43CDB12C9B264B00F54F24 /* MyBooksView.swift */; };
		6B83388A2C9056CB00EA5137 /* BookCard.swift in Sources */ = {isa = PBXBuildFile; fileRef = 6B8338892C9056CB00EA5137 /* BookCard.swift */; };
		6BA11D802C8B1E7000062000 /* CombineTrainingApp.swift in Sources */ = {isa = PBXBuildFile; fileRef = 6BA11D7F2C8B1E7000062000 /* CombineTrainingApp.swift */; };
		6BA11D862C8B1E7100062000 /* Assets.xcassets in Resources */ = {isa = PBXBuildFile; fileRef = 6BA11D852C8B1E7100062000 /* Assets.xcassets */; };
		6BA11D892C8B1E7100062000 /* Preview Assets.xcassets in Resources */ = {isa = PBXBuildFile; fileRef = 6BA11D882C8B1E7100062000 /* Preview Assets.xcassets */; };
		6BA11D932C8B1E7100062000 /* CombineTrainingTests.swift in Sources */ = {isa = PBXBuildFile; fileRef = 6BA11D922C8B1E7100062000 /* CombineTrainingTests.swift */; };
		6BA11D9D2C8B1E7100062000 /* CombineTrainingUITests.swift in Sources */ = {isa = PBXBuildFile; fileRef = 6BA11D9C2C8B1E7100062000 /* CombineTrainingUITests.swift */; };
		6BA11D9F2C8B1E7100062000 /* CombineTrainingUITestsLaunchTests.swift in Sources */ = {isa = PBXBuildFile; fileRef = 6BA11D9E2C8B1E7100062000 /* CombineTrainingUITestsLaunchTests.swift */; };
		6BD8E1312C8B3C2A00950585 /* BookModel.swift in Sources */ = {isa = PBXBuildFile; fileRef = 6BD8E1302C8B3C2A00950585 /* BookModel.swift */; };
		6BD8E1332C8B413300950585 /* BooksView.swift in Sources */ = {isa = PBXBuildFile; fileRef = 6BD8E1322C8B413300950585 /* BooksView.swift */; };
/* End PBXBuildFile section */

/* Begin PBXContainerItemProxy section */
		6BA11D8F2C8B1E7100062000 /* PBXContainerItemProxy */ = {
			isa = PBXContainerItemProxy;
			containerPortal = 6BA11D742C8B1E7000062000 /* Project object */;
			proxyType = 1;
			remoteGlobalIDString = 6BA11D7B2C8B1E7000062000;
			remoteInfo = CombineTraining;
		};
		6BA11D992C8B1E7100062000 /* PBXContainerItemProxy */ = {
			isa = PBXContainerItemProxy;
			containerPortal = 6BA11D742C8B1E7000062000 /* Project object */;
			proxyType = 1;
			remoteGlobalIDString = 6BA11D7B2C8B1E7000062000;
			remoteInfo = CombineTraining;
		};
/* End PBXContainerItemProxy section */

/* Begin PBXFileReference section */
		6B06AE272C96FE0D00F5633A /* BookDetailedView.swift */ = {isa = PBXFileReference; lastKnownFileType = sourcecode.swift; path = BookDetailedView.swift; sourceTree = "<group>"; };
		6B43CDB12C9B264B00F54F24 /* MyBooksView.swift */ = {isa = PBXFileReference; lastKnownFileType = sourcecode.swift; path = MyBooksView.swift; sourceTree = "<group>"; };
		6B8338892C9056CB00EA5137 /* BookCard.swift */ = {isa = PBXFileReference; lastKnownFileType = sourcecode.swift; path = BookCard.swift; sourceTree = "<group>"; };
		6BA11D7C2C8B1E7000062000 /* CombineTraining.app */ = {isa = PBXFileReference; explicitFileType = wrapper.application; includeInIndex = 0; path = CombineTraining.app; sourceTree = BUILT_PRODUCTS_DIR; };
		6BA11D7F2C8B1E7000062000 /* CombineTrainingApp.swift */ = {isa = PBXFileReference; lastKnownFileType = sourcecode.swift; path = CombineTrainingApp.swift; sourceTree = "<group>"; };
		6BA11D852C8B1E7100062000 /* Assets.xcassets */ = {isa = PBXFileReference; lastKnownFileType = folder.assetcatalog; path = Assets.xcassets; sourceTree = "<group>"; };
		6BA11D882C8B1E7100062000 /* Preview Assets.xcassets */ = {isa = PBXFileReference; lastKnownFileType = folder.assetcatalog; path = "Preview Assets.xcassets"; sourceTree = "<group>"; };
		6BA11D8E2C8B1E7100062000 /* CombineTrainingTests.xctest */ = {isa = PBXFileReference; explicitFileType = wrapper.cfbundle; includeInIndex = 0; path = CombineTrainingTests.xctest; sourceTree = BUILT_PRODUCTS_DIR; };
		6BA11D922C8B1E7100062000 /* CombineTrainingTests.swift */ = {isa = PBXFileReference; lastKnownFileType = sourcecode.swift; path = CombineTrainingTests.swift; sourceTree = "<group>"; };
		6BA11D982C8B1E7100062000 /* CombineTrainingUITests.xctest */ = {isa = PBXFileReference; explicitFileType = wrapper.cfbundle; includeInIndex = 0; path = CombineTrainingUITests.xctest; sourceTree = BUILT_PRODUCTS_DIR; };
		6BA11D9C2C8B1E7100062000 /* CombineTrainingUITests.swift */ = {isa = PBXFileReference; lastKnownFileType = sourcecode.swift; path = CombineTrainingUITests.swift; sourceTree = "<group>"; };
		6BA11D9E2C8B1E7100062000 /* CombineTrainingUITestsLaunchTests.swift */ = {isa = PBXFileReference; lastKnownFileType = sourcecode.swift; path = CombineTrainingUITestsLaunchTests.swift; sourceTree = "<group>"; };
		6BD8E1302C8B3C2A00950585 /* BookModel.swift */ = {isa = PBXFileReference; lastKnownFileType = sourcecode.swift; path = BookModel.swift; sourceTree = "<group>"; };
		6BD8E1322C8B413300950585 /* BooksView.swift */ = {isa = PBXFileReference; fileEncoding = 4; lastKnownFileType = sourcecode.swift; path = BooksView.swift; sourceTree = "<group>"; };
/* End PBXFileReference section */

/* Begin PBXFrameworksBuildPhase section */
		6BA11D792C8B1E7000062000 /* Frameworks */ = {
			isa = PBXFrameworksBuildPhase;
			buildActionMask = 2147483647;
			files = (
			);
			runOnlyForDeploymentPostprocessing = 0;
		};
		6BA11D8B2C8B1E7100062000 /* Frameworks */ = {
			isa = PBXFrameworksBuildPhase;
			buildActionMask = 2147483647;
			files = (
			);
			runOnlyForDeploymentPostprocessing = 0;
		};
		6BA11D952C8B1E7100062000 /* Frameworks */ = {
			isa = PBXFrameworksBuildPhase;
			buildActionMask = 2147483647;
			files = (
			);
			runOnlyForDeploymentPostprocessing = 0;
		};
/* End PBXFrameworksBuildPhase section */

/* Begin PBXGroup section */
		6BA11D732C8B1E7000062000 = {
			isa = PBXGroup;
			children = (
				6BA11D7E2C8B1E7000062000 /* CombineTraining */,
				6BA11D912C8B1E7100062000 /* CombineTrainingTests */,
				6BA11D9B2C8B1E7100062000 /* CombineTrainingUITests */,
				6BA11D7D2C8B1E7000062000 /* Products */,
			);
			sourceTree = "<group>";
		};
		6BA11D7D2C8B1E7000062000 /* Products */ = {
			isa = PBXGroup;
			children = (
				6BA11D7C2C8B1E7000062000 /* CombineTraining.app */,
				6BA11D8E2C8B1E7100062000 /* CombineTrainingTests.xctest */,
				6BA11D982C8B1E7100062000 /* CombineTrainingUITests.xctest */,
			);
			name = Products;
			sourceTree = "<group>";
		};
		6BA11D7E2C8B1E7000062000 /* CombineTraining */ = {
			isa = PBXGroup;
			children = (
				6BA11D7F2C8B1E7000062000 /* CombineTrainingApp.swift */,
				6BD8E1322C8B413300950585 /* BooksView.swift */,
				6B06AE272C96FE0D00F5633A /* BookDetailedView.swift */,
				6B43CDB12C9B264B00F54F24 /* MyBooksView.swift */,
				6B8338892C9056CB00EA5137 /* BookCard.swift */,
				6BD8E1302C8B3C2A00950585 /* BookModel.swift */,
				6BA11D852C8B1E7100062000 /* Assets.xcassets */,
				6BA11D872C8B1E7100062000 /* Preview Content */,
			);
			path = CombineTraining;
			sourceTree = "<group>";
		};
		6BA11D872C8B1E7100062000 /* Preview Content */ = {
			isa = PBXGroup;
			children = (
				6BA11D882C8B1E7100062000 /* Preview Assets.xcassets */,
			);
			path = "Preview Content";
			sourceTree = "<group>";
		};
		6BA11D912C8B1E7100062000 /* CombineTrainingTests */ = {
			isa = PBXGroup;
			children = (
				6BA11D922C8B1E7100062000 /* CombineTrainingTests.swift */,
			);
			path = CombineTrainingTests;
			sourceTree = "<group>";
		};
		6BA11D9B2C8B1E7100062000 /* CombineTrainingUITests */ = {
			isa = PBXGroup;
			children = (
				6BA11D9C2C8B1E7100062000 /* CombineTrainingUITests.swift */,
				6BA11D9E2C8B1E7100062000 /* CombineTrainingUITestsLaunchTests.swift */,
			);
			path = CombineTrainingUITests;
			sourceTree = "<group>";
		};
/* End PBXGroup section */

/* Begin PBXNativeTarget section */
		6BA11D7B2C8B1E7000062000 /* CombineTraining */ = {
			isa = PBXNativeTarget;
			buildConfigurationList = 6BA11DA22C8B1E7100062000 /* Build configuration list for PBXNativeTarget "CombineTraining" */;
			buildPhases = (
				6BA11D782C8B1E7000062000 /* Sources */,
				6BA11D792C8B1E7000062000 /* Frameworks */,
				6BA11D7A2C8B1E7000062000 /* Resources */,
			);
			buildRules = (
			);
			dependencies = (
			);
			name = CombineTraining;
			productName = CombineTraining;
			productReference = 6BA11D7C2C8B1E7000062000 /* CombineTraining.app */;
			productType = "com.apple.product-type.application";
		};
		6BA11D8D2C8B1E7100062000 /* CombineTrainingTests */ = {
			isa = PBXNativeTarget;
			buildConfigurationList = 6BA11DA52C8B1E7100062000 /* Build configuration list for PBXNativeTarget "CombineTrainingTests" */;
			buildPhases = (
				6BA11D8A2C8B1E7100062000 /* Sources */,
				6BA11D8B2C8B1E7100062000 /* Frameworks */,
				6BA11D8C2C8B1E7100062000 /* Resources */,
			);
			buildRules = (
			);
			dependencies = (
				6BA11D902C8B1E7100062000 /* PBXTargetDependency */,
			);
			name = CombineTrainingTests;
			productName = CombineTrainingTests;
			productReference = 6BA11D8E2C8B1E7100062000 /* CombineTrainingTests.xctest */;
			productType = "com.apple.product-type.bundle.unit-test";
		};
		6BA11D972C8B1E7100062000 /* CombineTrainingUITests */ = {
			isa = PBXNativeTarget;
			buildConfigurationList = 6BA11DA82C8B1E7100062000 /* Build configuration list for PBXNativeTarget "CombineTrainingUITests" */;
			buildPhases = (
				6BA11D942C8B1E7100062000 /* Sources */,
				6BA11D952C8B1E7100062000 /* Frameworks */,
				6BA11D962C8B1E7100062000 /* Resources */,
			);
			buildRules = (
			);
			dependencies = (
				6BA11D9A2C8B1E7100062000 /* PBXTargetDependency */,
			);
			name = CombineTrainingUITests;
			productName = CombineTrainingUITests;
			productReference = 6BA11D982C8B1E7100062000 /* CombineTrainingUITests.xctest */;
			productType = "com.apple.product-type.bundle.ui-testing";
		};
/* End PBXNativeTarget section */

/* Begin PBXProject section */
		6BA11D742C8B1E7000062000 /* Project object */ = {
			isa = PBXProject;
			attributes = {
				BuildIndependentTargetsInParallel = 1;
				LastSwiftUpdateCheck = 1540;
				LastUpgradeCheck = 1540;
				TargetAttributes = {
					6BA11D7B2C8B1E7000062000 = {
						CreatedOnToolsVersion = 15.4;
					};
					6BA11D8D2C8B1E7100062000 = {
						CreatedOnToolsVersion = 15.4;
						TestTargetID = 6BA11D7B2C8B1E7000062000;
					};
					6BA11D972C8B1E7100062000 = {
						CreatedOnToolsVersion = 15.4;
						TestTargetID = 6BA11D7B2C8B1E7000062000;
					};
				};
			};
			buildConfigurationList = 6BA11D772C8B1E7000062000 /* Build configuration list for PBXProject "CombineTraining" */;
			compatibilityVersion = "Xcode 14.0";
			developmentRegion = en;
			hasScannedForEncodings = 0;
			knownRegions = (
				en,
				Base,
			);
			mainGroup = 6BA11D732C8B1E7000062000;
			productRefGroup = 6BA11D7D2C8B1E7000062000 /* Products */;
			projectDirPath = "";
			projectRoot = "";
			targets = (
				6BA11D7B2C8B1E7000062000 /* CombineTraining */,
				6BA11D8D2C8B1E7100062000 /* CombineTrainingTests */,
				6BA11D972C8B1E7100062000 /* CombineTrainingUITests */,
			);
		};
/* End PBXProject section */

/* Begin PBXResourcesBuildPhase section */
		6BA11D7A2C8B1E7000062000 /* Resources */ = {
			isa = PBXResourcesBuildPhase;
			buildActionMask = 2147483647;
			files = (
				6BA11D892C8B1E7100062000 /* Preview Assets.xcassets in Resources */,
				6BA11D862C8B1E7100062000 /* Assets.xcassets in Resources */,
			);
			runOnlyForDeploymentPostprocessing = 0;
		};
		6BA11D8C2C8B1E7100062000 /* Resources */ = {
			isa = PBXResourcesBuildPhase;
			buildActionMask = 2147483647;
			files = (
			);
			runOnlyForDeploymentPostprocessing = 0;
		};
		6BA11D962C8B1E7100062000 /* Resources */ = {
			isa = PBXResourcesBuildPhase;
			buildActionMask = 2147483647;
			files = (
			);
			runOnlyForDeploymentPostprocessing = 0;
		};
/* End PBXResourcesBuildPhase section */

/* Begin PBXSourcesBuildPhase section */
		6BA11D782C8B1E7000062000 /* Sources */ = {
			isa = PBXSourcesBuildPhase;
			buildActionMask = 2147483647;
			files = (
				6B83388A2C9056CB00EA5137 /* BookCard.swift in Sources */,
				6B43CDB22C9B264B00F54F24 /* MyBooksView.swift in Sources */,
				6BD8E1332C8B413300950585 /* BooksView.swift in Sources */,
				6BD8E1312C8B3C2A00950585 /* BookModel.swift in Sources */,
				6BA11D802C8B1E7000062000 /* CombineTrainingApp.swift in Sources */,
				6B06AE282C96FE0D00F5633A /* BookDetailedView.swift in Sources */,
			);
			runOnlyForDeploymentPostprocessing = 0;
		};
		6BA11D8A2C8B1E7100062000 /* Sources */ = {
			isa = PBXSourcesBuildPhase;
			buildActionMask = 2147483647;
			files = (
				6BA11D932C8B1E7100062000 /* CombineTrainingTests.swift in Sources */,
			);
			runOnlyForDeploymentPostprocessing = 0;
		};
		6BA11D942C8B1E7100062000 /* Sources */ = {
			isa = PBXSourcesBuildPhase;
			buildActionMask = 2147483647;
			files = (
				6BA11D9F2C8B1E7100062000 /* CombineTrainingUITestsLaunchTests.swift in Sources */,
				6BA11D9D2C8B1E7100062000 /* CombineTrainingUITests.swift in Sources */,
			);
			runOnlyForDeploymentPostprocessing = 0;
		};
/* End PBXSourcesBuildPhase section */

/* Begin PBXTargetDependency section */
		6BA11D902C8B1E7100062000 /* PBXTargetDependency */ = {
			isa = PBXTargetDependency;
			target = 6BA11D7B2C8B1E7000062000 /* CombineTraining */;
			targetProxy = 6BA11D8F2C8B1E7100062000 /* PBXContainerItemProxy */;
		};
		6BA11D9A2C8B1E7100062000 /* PBXTargetDependency */ = {
			isa = PBXTargetDependency;
			target = 6BA11D7B2C8B1E7000062000 /* CombineTraining */;
			targetProxy = 6BA11D992C8B1E7100062000 /* PBXContainerItemProxy */;
		};
/* End PBXTargetDependency section */

/* Begin XCBuildConfiguration section */
		6BA11DA02C8B1E7100062000 /* Debug */ = {
			isa = XCBuildConfiguration;
			buildSettings = {
				ALWAYS_SEARCH_USER_PATHS = NO;
				ASSETCATALOG_COMPILER_GENERATE_SWIFT_ASSET_SYMBOL_EXTENSIONS = YES;
				CLANG_ANALYZER_NONNULL = YES;
				CLANG_ANALYZER_NUMBER_OBJECT_CONVERSION = YES_AGGRESSIVE;
				CLANG_CXX_LANGUAGE_STANDARD = "gnu++20";
				CLANG_ENABLE_MODULES = YES;
				CLANG_ENABLE_OBJC_ARC = YES;
				CLANG_ENABLE_OBJC_WEAK = YES;
				CLANG_WARN_BLOCK_CAPTURE_AUTORELEASING = YES;
				CLANG_WARN_BOOL_CONVERSION = YES;
				CLANG_WARN_COMMA = YES;
				CLANG_WARN_CONSTANT_CONVERSION = YES;
				CLANG_WARN_DEPRECATED_OBJC_IMPLEMENTATIONS = YES;
				CLANG_WARN_DIRECT_OBJC_ISA_USAGE = YES_ERROR;
				CLANG_WARN_DOCUMENTATION_COMMENTS = YES;
				CLANG_WARN_EMPTY_BODY = YES;
				CLANG_WARN_ENUM_CONVERSION = YES;
				CLANG_WARN_INFINITE_RECURSION = YES;
				CLANG_WARN_INT_CONVERSION = YES;
				CLANG_WARN_NON_LITERAL_NULL_CONVERSION = YES;
				CLANG_WARN_OBJC_IMPLICIT_RETAIN_SELF = YES;
				CLANG_WARN_OBJC_LITERAL_CONVERSION = YES;
				CLANG_WARN_OBJC_ROOT_CLASS = YES_ERROR;
				CLANG_WARN_QUOTED_INCLUDE_IN_FRAMEWORK_HEADER = YES;
				CLANG_WARN_RANGE_LOOP_ANALYSIS = YES;
				CLANG_WARN_STRICT_PROTOTYPES = YES;
				CLANG_WARN_SUSPICIOUS_MOVE = YES;
				CLANG_WARN_UNGUARDED_AVAILABILITY = YES_AGGRESSIVE;
				CLANG_WARN_UNREACHABLE_CODE = YES;
				CLANG_WARN__DUPLICATE_METHOD_MATCH = YES;
				COPY_PHASE_STRIP = NO;
				DEBUG_INFORMATION_FORMAT = dwarf;
				ENABLE_STRICT_OBJC_MSGSEND = YES;
				ENABLE_TESTABILITY = YES;
				ENABLE_USER_SCRIPT_SANDBOXING = YES;
				GCC_C_LANGUAGE_STANDARD = gnu17;
				GCC_DYNAMIC_NO_PIC = NO;
				GCC_NO_COMMON_BLOCKS = YES;
				GCC_OPTIMIZATION_LEVEL = 0;
				GCC_PREPROCESSOR_DEFINITIONS = (
					"DEBUG=1",
					"$(inherited)",
				);
				GCC_WARN_64_TO_32_BIT_CONVERSION = YES;
				GCC_WARN_ABOUT_RETURN_TYPE = YES_ERROR;
				GCC_WARN_UNDECLARED_SELECTOR = YES;
				GCC_WARN_UNINITIALIZED_AUTOS = YES_AGGRESSIVE;
				GCC_WARN_UNUSED_FUNCTION = YES;
				GCC_WARN_UNUSED_VARIABLE = YES;
				IPHONEOS_DEPLOYMENT_TARGET = 17.5;
				LOCALIZATION_PREFERS_STRING_CATALOGS = YES;
				MTL_ENABLE_DEBUG_INFO = INCLUDE_SOURCE;
				MTL_FAST_MATH = YES;
				ONLY_ACTIVE_ARCH = YES;
				SDKROOT = iphoneos;
				SWIFT_ACTIVE_COMPILATION_CONDITIONS = "DEBUG $(inherited)";
				SWIFT_OPTIMIZATION_LEVEL = "-Onone";
			};
			name = Debug;
		};
		6BA11DA12C8B1E7100062000 /* Release */ = {
			isa = XCBuildConfiguration;
			buildSettings = {
				ALWAYS_SEARCH_USER_PATHS = NO;
				ASSETCATALOG_COMPILER_GENERATE_SWIFT_ASSET_SYMBOL_EXTENSIONS = YES;
				CLANG_ANALYZER_NONNULL = YES;
				CLANG_ANALYZER_NUMBER_OBJECT_CONVERSION = YES_AGGRESSIVE;
				CLANG_CXX_LANGUAGE_STANDARD = "gnu++20";
				CLANG_ENABLE_MODULES = YES;
				CLANG_ENABLE_OBJC_ARC = YES;
				CLANG_ENABLE_OBJC_WEAK = YES;
				CLANG_WARN_BLOCK_CAPTURE_AUTORELEASING = YES;
				CLANG_WARN_BOOL_CONVERSION = YES;
				CLANG_WARN_COMMA = YES;
				CLANG_WARN_CONSTANT_CONVERSION = YES;
				CLANG_WARN_DEPRECATED_OBJC_IMPLEMENTATIONS = YES;
				CLANG_WARN_DIRECT_OBJC_ISA_USAGE = YES_ERROR;
				CLANG_WARN_DOCUMENTATION_COMMENTS = YES;
				CLANG_WARN_EMPTY_BODY = YES;
				CLANG_WARN_ENUM_CONVERSION = YES;
				CLANG_WARN_INFINITE_RECURSION = YES;
				CLANG_WARN_INT_CONVERSION = YES;
				CLANG_WARN_NON_LITERAL_NULL_CONVERSION = YES;
				CLANG_WARN_OBJC_IMPLICIT_RETAIN_SELF = YES;
				CLANG_WARN_OBJC_LITERAL_CONVERSION = YES;
				CLANG_WARN_OBJC_ROOT_CLASS = YES_ERROR;
				CLANG_WARN_QUOTED_INCLUDE_IN_FRAMEWORK_HEADER = YES;
				CLANG_WARN_RANGE_LOOP_ANALYSIS = YES;
				CLANG_WARN_STRICT_PROTOTYPES = YES;
				CLANG_WARN_SUSPICIOUS_MOVE = YES;
				CLANG_WARN_UNGUARDED_AVAILABILITY = YES_AGGRESSIVE;
				CLANG_WARN_UNREACHABLE_CODE = YES;
				CLANG_WARN__DUPLICATE_METHOD_MATCH = YES;
				COPY_PHASE_STRIP = NO;
				DEBUG_INFORMATION_FORMAT = "dwarf-with-dsym";
				ENABLE_NS_ASSERTIONS = NO;
				ENABLE_STRICT_OBJC_MSGSEND = YES;
				ENABLE_USER_SCRIPT_SANDBOXING = YES;
				GCC_C_LANGUAGE_STANDARD = gnu17;
				GCC_NO_COMMON_BLOCKS = YES;
				GCC_WARN_64_TO_32_BIT_CONVERSION = YES;
				GCC_WARN_ABOUT_RETURN_TYPE = YES_ERROR;
				GCC_WARN_UNDECLARED_SELECTOR = YES;
				GCC_WARN_UNINITIALIZED_AUTOS = YES_AGGRESSIVE;
				GCC_WARN_UNUSED_FUNCTION = YES;
				GCC_WARN_UNUSED_VARIABLE = YES;
				IPHONEOS_DEPLOYMENT_TARGET = 17.5;
				LOCALIZATION_PREFERS_STRING_CATALOGS = YES;
				MTL_ENABLE_DEBUG_INFO = NO;
				MTL_FAST_MATH = YES;
				SDKROOT = iphoneos;
				SWIFT_COMPILATION_MODE = wholemodule;
				VALIDATE_PRODUCT = YES;
			};
			name = Release;
		};
		6BA11DA32C8B1E7100062000 /* Debug */ = {
			isa = XCBuildConfiguration;
			buildSettings = {
				ASSETCATALOG_COMPILER_APPICON_NAME = AppIcon;
				ASSETCATALOG_COMPILER_GLOBAL_ACCENT_COLOR_NAME = AccentColor;
				CODE_SIGN_STYLE = Automatic;
				CURRENT_PROJECT_VERSION = 1;
				DEVELOPMENT_ASSET_PATHS = "\"CombineTraining/Preview Content\"";
				DEVELOPMENT_TEAM = 6XT9AC4G36;
				ENABLE_PREVIEWS = YES;
				GENERATE_INFOPLIST_FILE = YES;
				INFOPLIST_KEY_UIApplicationSceneManifest_Generation = YES;
				INFOPLIST_KEY_UIApplicationSupportsIndirectInputEvents = YES;
				INFOPLIST_KEY_UILaunchScreen_Generation = YES;
				INFOPLIST_KEY_UISupportedInterfaceOrientations_iPad = "UIInterfaceOrientationPortrait UIInterfaceOrientationPortraitUpsideDown UIInterfaceOrientationLandscapeLeft UIInterfaceOrientationLandscapeRight";
				INFOPLIST_KEY_UISupportedInterfaceOrientations_iPhone = "UIInterfaceOrientationPortrait UIInterfaceOrientationLandscapeLeft UIInterfaceOrientationLandscapeRight";
				LD_RUNPATH_SEARCH_PATHS = (
					"$(inherited)",
					"@executable_path/Frameworks",
				);
				MARKETING_VERSION = 1.0;
				PRODUCT_BUNDLE_IDENTIFIER = com.CombineTraining.CombineTraining;
				PRODUCT_NAME = "$(TARGET_NAME)";
				SWIFT_EMIT_LOC_STRINGS = YES;
				SWIFT_VERSION = 5.0;
				TARGETED_DEVICE_FAMILY = "1,2";
			};
			name = Debug;
		};
		6BA11DA42C8B1E7100062000 /* Release */ = {
			isa = XCBuildConfiguration;
			buildSettings = {
				ASSETCATALOG_COMPILER_APPICON_NAME = AppIcon;
				ASSETCATALOG_COMPILER_GLOBAL_ACCENT_COLOR_NAME = AccentColor;
				CODE_SIGN_STYLE = Automatic;
				CURRENT_PROJECT_VERSION = 1;
				DEVELOPMENT_ASSET_PATHS = "\"CombineTraining/Preview Content\"";
				DEVELOPMENT_TEAM = 6XT9AC4G36;
				ENABLE_PREVIEWS = YES;
				GENERATE_INFOPLIST_FILE = YES;
				INFOPLIST_KEY_UIApplicationSceneManifest_Generation = YES;
				INFOPLIST_KEY_UIApplicationSupportsIndirectInputEvents = YES;
				INFOPLIST_KEY_UILaunchScreen_Generation = YES;
				INFOPLIST_KEY_UISupportedInterfaceOrientations_iPad = "UIInterfaceOrientationPortrait UIInterfaceOrientationPortraitUpsideDown UIInterfaceOrientationLandscapeLeft UIInterfaceOrientationLandscapeRight";
				INFOPLIST_KEY_UISupportedInterfaceOrientations_iPhone = "UIInterfaceOrientationPortrait UIInterfaceOrientationLandscapeLeft UIInterfaceOrientationLandscapeRight";
				LD_RUNPATH_SEARCH_PATHS = (
					"$(inherited)",
					"@executable_path/Frameworks",
				);
				MARKETING_VERSION = 1.0;
				PRODUCT_BUNDLE_IDENTIFIER = com.CombineTraining.CombineTraining;
				PRODUCT_NAME = "$(TARGET_NAME)";
				SWIFT_EMIT_LOC_STRINGS = YES;
				SWIFT_VERSION = 5.0;
				TARGETED_DEVICE_FAMILY = "1,2";
			};
			name = Release;
		};
		6BA11DA62C8B1E7100062000 /* Debug */ = {
			isa = XCBuildConfiguration;
			buildSettings = {
				ALWAYS_EMBED_SWIFT_STANDARD_LIBRARIES = YES;
				BUNDLE_LOADER = "$(TEST_HOST)";
				CODE_SIGN_STYLE = Automatic;
				CURRENT_PROJECT_VERSION = 1;
				DEVELOPMENT_TEAM = 6XT9AC4G36;
				GENERATE_INFOPLIST_FILE = YES;
				IPHONEOS_DEPLOYMENT_TARGET = 17.5;
				MARKETING_VERSION = 1.0;
				PRODUCT_BUNDLE_IDENTIFIER = com.CombineTraining.CombineTrainingTests;
				PRODUCT_NAME = "$(TARGET_NAME)";
				SWIFT_EMIT_LOC_STRINGS = NO;
				SWIFT_VERSION = 5.0;
				TARGETED_DEVICE_FAMILY = "1,2";
				TEST_HOST = "$(BUILT_PRODUCTS_DIR)/CombineTraining.app/$(BUNDLE_EXECUTABLE_FOLDER_PATH)/CombineTraining";
			};
			name = Debug;
		};
		6BA11DA72C8B1E7100062000 /* Release */ = {
			isa = XCBuildConfiguration;
			buildSettings = {
				ALWAYS_EMBED_SWIFT_STANDARD_LIBRARIES = YES;
				BUNDLE_LOADER = "$(TEST_HOST)";
				CODE_SIGN_STYLE = Automatic;
				CURRENT_PROJECT_VERSION = 1;
				DEVELOPMENT_TEAM = 6XT9AC4G36;
				GENERATE_INFOPLIST_FILE = YES;
				IPHONEOS_DEPLOYMENT_TARGET = 17.5;
				MARKETING_VERSION = 1.0;
				PRODUCT_BUNDLE_IDENTIFIER = com.CombineTraining.CombineTrainingTests;
				PRODUCT_NAME = "$(TARGET_NAME)";
				SWIFT_EMIT_LOC_STRINGS = NO;
				SWIFT_VERSION = 5.0;
				TARGETED_DEVICE_FAMILY = "1,2";
				TEST_HOST = "$(BUILT_PRODUCTS_DIR)/CombineTraining.app/$(BUNDLE_EXECUTABLE_FOLDER_PATH)/CombineTraining";
			};
			name = Release;
		};
		6BA11DA92C8B1E7100062000 /* Debug */ = {
			isa = XCBuildConfiguration;
			buildSettings = {
				ALWAYS_EMBED_SWIFT_STANDARD_LIBRARIES = YES;
				CODE_SIGN_STYLE = Automatic;
				CURRENT_PROJECT_VERSION = 1;
				DEVELOPMENT_TEAM = 6XT9AC4G36;
				GENERATE_INFOPLIST_FILE = YES;
				MARKETING_VERSION = 1.0;
				PRODUCT_BUNDLE_IDENTIFIER = com.CombineTraining.CombineTrainingUITests;
				PRODUCT_NAME = "$(TARGET_NAME)";
				SWIFT_EMIT_LOC_STRINGS = NO;
				SWIFT_VERSION = 5.0;
				TARGETED_DEVICE_FAMILY = "1,2";
				TEST_TARGET_NAME = CombineTraining;
			};
			name = Debug;
		};
		6BA11DAA2C8B1E7100062000 /* Release */ = {
			isa = XCBuildConfiguration;
			buildSettings = {
				ALWAYS_EMBED_SWIFT_STANDARD_LIBRARIES = YES;
				CODE_SIGN_STYLE = Automatic;
				CURRENT_PROJECT_VERSION = 1;
				DEVELOPMENT_TEAM = 6XT9AC4G36;
				GENERATE_INFOPLIST_FILE = YES;
				MARKETING_VERSION = 1.0;
				PRODUCT_BUNDLE_IDENTIFIER = com.CombineTraining.CombineTrainingUITests;
				PRODUCT_NAME = "$(TARGET_NAME)";
				SWIFT_EMIT_LOC_STRINGS = NO;
				SWIFT_VERSION = 5.0;
				TARGETED_DEVICE_FAMILY = "1,2";
				TEST_TARGET_NAME = CombineTraining;
			};
			name = Release;
		};
/* End XCBuildConfiguration section */

/* Begin XCConfigurationList section */
		6BA11D772C8B1E7000062000 /* Build configuration list for PBXProject "CombineTraining" */ = {
			isa = XCConfigurationList;
			buildConfigurations = (
				6BA11DA02C8B1E7100062000 /* Debug */,
				6BA11DA12C8B1E7100062000 /* Release */,
			);
			defaultConfigurationIsVisible = 0;
			defaultConfigurationName = Release;
		};
		6BA11DA22C8B1E7100062000 /* Build configuration list for PBXNativeTarget "CombineTraining" */ = {
			isa = XCConfigurationList;
			buildConfigurations = (
				6BA11DA32C8B1E7100062000 /* Debug */,
				6BA11DA42C8B1E7100062000 /* Release */,
			);
			defaultConfigurationIsVisible = 0;
			defaultConfigurationName = Release;
		};
		6BA11DA52C8B1E7100062000 /* Build configuration list for PBXNativeTarget "CombineTrainingTests" */ = {
			isa = XCConfigurationList;
			buildConfigurations = (
				6BA11DA62C8B1E7100062000 /* Debug */,
				6BA11DA72C8B1E7100062000 /* Release */,
			);
			defaultConfigurationIsVisible = 0;
			defaultConfigurationName = Release;
		};
		6BA11DA82C8B1E7100062000 /* Build configuration list for PBXNativeTarget "CombineTrainingUITests" */ = {
			isa = XCConfigurationList;
			buildConfigurations = (
				6BA11DA92C8B1E7100062000 /* Debug */,
				6BA11DAA2C8B1E7100062000 /* Release */,
			);
			defaultConfigurationIsVisible = 0;
			defaultConfigurationName = Release;
		};
/* End XCConfigurationList section */
	};
	rootObject = 6BA11D742C8B1E7000062000 /* Project object */;
}
